
Microsoft Visual Studio Solution File, Format Version 12.00
# Visual Studio Version 17
VisualStudioVersion = 17.13.35825.156 d17.13
MinimumVisualStudioVersion = 10.0.40219.1
Project("{FAE04EC0-301F-11D3-BF4B-00C04F79EFBC}") = "WindowsFormsApp1", "WindowsFormsApp1\WindowsFormsApp1.csproj", "{BCF17681-89CE-49B2-B5AB-9253C245BC44}"
EndProject
Global
	GlobalSection(SolutionConfigurationPlatforms) = preSolution
		Debug|Any CPU = Debug|Any CPU
		Release|Any CPU = Release|Any CPU
	EndGlobalSection
	GlobalSection(ProjectConfigurationPlatforms) = postSolution
		{BCF17681-89CE-49B2-B5AB-9253C245BC44}.Debug|Any CPU.ActiveCfg = Debug|Any CPU
		{BCF17681-89CE-49B2-B5AB-9253C245BC44}.Debug|Any CPU.Build.0 = Debug|Any CPU
		{BCF17681-89CE-49B2-B5AB-9253C245BC44}.Release|Any CPU.ActiveCfg = Release|Any CPU
		{BCF17681-89CE-49B2-B5AB-9253C245BC44}.Release|Any CPU.Build.0 = Release|Any CPU
	EndGlobalSection
	GlobalSection(SolutionProperties) = preSolution
		HideSolutionNode = FALSE
	EndGlobalSection
	GlobalSection(ExtensibilityGlobals) = postSolution
		SolutionGuid = {004FFC5B-FF0B-4577-9609-DC7F16802201}
	EndGlobalSection
EndGlobal
